
Microsoft Visual Studio Solution File, Format Version 12.00
# Visual Studio Version 16
VisualStudioVersion = 16.0.31402.337
MinimumVisualStudioVersion = 10.0.40219.1
Project("{FAE04EC0-301F-11D3-BF4B-00C04F79EFBC}") = "WebProject", "WebProject\WebProject.csproj", "{72B683FE-F912-4268-899D-F1A4E0789304}"
EndProject
Global
	GlobalSection(SolutionConfigurationPlatforms) = preSolution
		Debug|Any CPU = Debug|Any CPU
		Release|Any CPU = Release|Any CPU
	EndGlobalSection
	GlobalSection(ProjectConfigurationPlatforms) = postSolution
		{72B683FE-F912-4268-899D-F1A4E0789304}.Debug|Any CPU.ActiveCfg = Debug|Any CPU
		{72B683FE-F912-4268-899D-F1A4E0789304}.Debug|Any CPU.Build.0 = Debug|Any CPU
		{72B683FE-F912-4268-899D-F1A4E0789304}.Release|Any CPU.ActiveCfg = Release|Any CPU
		{72B683FE-F912-4268-899D-F1A4E0789304}.Release|Any CPU.Build.0 = Release|Any CPU
	EndGlobalSection
	GlobalSection(SolutionProperties) = preSolution
		HideSolutionNode = FALSE
	EndGlobalSection
	GlobalSection(ExtensibilityGlobals) = postSolution
		SolutionGuid = {426093D4-D147-4086-9B3A-EF052FB7A385}
	EndGlobalSection
EndGlobal
